PODS:
  - FBSnapshotTestCase (2.1.4):
    - FBSnapshotTestCase/SwiftSupport (= 2.1.4)
  - FBSnapshotTestCase/Core (2.1.4)
  - FBSnapshotTestCase/SwiftSupport (2.1.4):
    - FBSnapshotTestCase/Core
  - MDXUtils (0.1.0)

DEPENDENCIES:
  - FBSnapshotTestCase
  - MDXUtils (from `../`)

SPEC REPOS:
  trunk:
    - FBSnapshotTestCase

EXTERNAL SOURCES:
  MDXUtils:
    :path: "../"

SPEC CHECKSUMS:
  FBSnapshotTestCase: 094f9f314decbabe373b87cc339bea235a63e07a
  MDXUtils: 88709c3bd7dc7d243ebe1a4eb092d399421f4519

PODFILE CHECKSUM: bb8c9e0b65a3468526e14da9a257961dc7c506cb

COCOAPODS: 1.8.4
